
Microsoft Visual Studio Solution File, Format Version 12.00
# Visual Studio Version 17
VisualStudioVersion = 17.14.37012.4
MinimumVisualStudioVersion = 10.0.40219.1
Project("{8BC9CEB8-8B4A-11D0-8D11-00A0C91BC942}") = "GTSSimpleController", "GTSSimpleController\GTSSimpleController.vcxproj", "{04D6A4B8-7A1D-4C89-944A-B551E79BE241}"
EndProject
Project("{8BC9CEB8-8B4A-11D0-8D11-00A0C91BC942}") = "GTSControllerDemo", "GTSControllerDemo\GTSControllerDemo.vcxproj", "{0A657EE4-357A-4612-B65D-B75136B3ABF1}"
EndProject
Project("{2150E333-8FDC-42A3-9474-1A3956D46DE8}") = "GTSLib", "GTSLib", "{02EA681E-C7D8-13C7-8484-4AC65E1B71E8}"
	ProjectSection(SolutionItems) = preProject
		GTSLib\config.h = GTSLib\config.h
		GTSLib\gts.h = GTSLib\gts.h
	EndProjectSection
EndProject
Global
	GlobalSection(SolutionConfigurationPlatforms) = preSolution
		Debug|x64 = Debug|x64
		Release|x64 = Release|x64
	EndGlobalSection
	GlobalSection(ProjectConfigurationPlatforms) = postSolution
		{04D6A4B8-7A1D-4C89-944A-B551E79BE241}.Debug|x64.ActiveCfg = Debug|x64
		{04D6A4B8-7A1D-4C89-944A-B551E79BE241}.Debug|x64.Build.0 = Debug|x64
		{04D6A4B8-7A1D-4C89-944A-B551E79BE241}.Release|x64.ActiveCfg = Release|x64
		{04D6A4B8-7A1D-4C89-944A-B551E79BE241}.Release|x64.Build.0 = Release|x64
		{0A657EE4-357A-4612-B65D-B75136B3ABF1}.Debug|x64.ActiveCfg = Debug|x64
		{0A657EE4-357A-4612-B65D-B75136B3ABF1}.Debug|x64.Build.0 = Debug|x64
		{0A657EE4-357A-4612-B65D-B75136B3ABF1}.Release|x64.ActiveCfg = Release|x64
		{0A657EE4-357A-4612-B65D-B75136B3ABF1}.Release|x64.Build.0 = Release|x64
	EndGlobalSection
	GlobalSection(SolutionProperties) = preSolution
		HideSolutionNode = FALSE
	EndGlobalSection
	GlobalSection(ExtensibilityGlobals) = postSolution
		SolutionGuid = {34798DA2-4146-498B-A6A9-6915D9454F74}
	EndGlobalSection
EndGlobal
