<?xml version="1.0" encoding="utf-8"?>
<Project ToolsVersion="4.0" xmlns="http://schemas.microsoft.com/developer/msbuild/2003">
  <ItemGroup>
    <Filter Include="Source Files">
      <UniqueIdentifier>{4FC737F1-C7A5-4376-A066-2A32D752A2FF}</UniqueIdentifier>
      <Extensions>qml;cpp;c;cc;cxx;def;odl;idl;hpj;bat;asm;asmx</Extensions>
    </Filter>
    <Filter Include="Header Files">
      <UniqueIdentifier>{93995380-89BD-4b04-88EB-625FBE52EBFB}</UniqueIdentifier>
      <Extensions>h;hh;hpp;hxx;hm;inl;inc;xsd</Extensions>
    </Filter>
    <Filter Include="Resource Files">
      <UniqueIdentifier>{67DA6AB6-F800-4c08-8B7A-83BB121AAD01}</UniqueIdentifier>
      <Extensions>qrc;rc;ico;cur;bmp;dlg;rc2;rct;bin;rgs;gif;jpg;jpeg;jpe;resx;tiff;tif;png;wav;mfcribbon-ms</Extensions>
    </Filter>
    <Filter Include="Form Files">
      <UniqueIdentifier>{99349809-55BA-4b9d-BF79-8FDBB0286EB3}</UniqueIdentifier>
      <Extensions>ui</Extensions>
    </Filter>
    <Filter Include="Translation Files">
      <UniqueIdentifier>{639EADAA-A684-42e4-A9AD-28FC9BCB8F7C}</UniqueIdentifier>
      <Extensions>ts</Extensions>
    </Filter>
    <Filter Include="Header Files\GTS">
      <UniqueIdentifier>{f643dd7d-6d9f-4172-8db1-91dee066f3ef}</UniqueIdentifier>
    </Filter>
    <Filter Include="Header Files\Widget">
      <UniqueIdentifier>{1f5a6507-e9b3-4dcf-a335-4e1cc4511054}</UniqueIdentifier>
    </Filter>
    <Filter Include="Source Files\GTS">
      <UniqueIdentifier>{8d217063-a388-42df-bdf2-153c512ad1e6}</UniqueIdentifier>
    </Filter>
    <Filter Include="Source Files\Widget">
      <UniqueIdentifier>{70f02c45-ae8f-45b2-aea1-6eaeb453366a}</UniqueIdentifier>
    </Filter>
    <Filter Include="Header Files\Manager">
      <UniqueIdentifier>{d4c95d2f-d82b-4915-91b7-dcefb20c5e66}</UniqueIdentifier>
    </Filter>
    <Filter Include="Source Files\Manager">
      <UniqueIdentifier>{35f11c62-c72a-4bf1-a338-35477d8ce16c}</UniqueIdentifier>
    </Filter>
  </ItemGroup>
  <ItemGroup>
    <QtRcc Include="GTSControllerWidget.qrc">
      <Filter>Resource Files</Filter>
    </QtRcc>
    <QtUic Include="GTSControllerWidget.ui">
      <Filter>Form Files</Filter>
    </QtUic>
  </ItemGroup>
  <ItemGroup>
    <ClCompile Include="main.cpp">
      <Filter>Source Files</Filter>
    </ClCompile>
    <ClCompile Include="GTSControllerWidget.cpp">
      <Filter>Source Files\Widget</Filter>
    </ClCompile>
    <ClCompile Include="AxisMgr.cpp">
      <Filter>Source Files\Manager</Filter>
    </ClCompile>
    <ClCompile Include="BoardMgr.cpp">
      <Filter>Source Files\Manager</Filter>
    </ClCompile>
    <ClCompile Include="ConfigMgr.cpp">
      <Filter>Source Files\Manager</Filter>
    </ClCompile>
    <ClCompile Include="FeedbackMgr.cpp">
      <Filter>Source Files\Manager</Filter>
    </ClCompile>
    <ClCompile Include="InterpolationMgr.cpp">
      <Filter>Source Files\Manager</Filter>
    </ClCompile>
    <ClCompile Include="IOMgr.cpp">
      <Filter>Source Files\Manager</Filter>
    </ClCompile>
    <ClCompile Include="MotionMgr.cpp">
      <Filter>Source Files\Manager</Filter>
    </ClCompile>
    <ClCompile Include="TotalMgr.cpp">
      <Filter>Source Files\Manager</Filter>
    </ClCompile>
  </ItemGroup>
  <ItemGroup>
    <QtMoc Include="GTSControllerWidget.h">
      <Filter>Header Files\Widget</Filter>
    </QtMoc>
    <QtMoc Include="BoardMgr.h">
      <Filter>Header Files\Manager</Filter>
    </QtMoc>
    <QtMoc Include="TotalMgr.h">
      <Filter>Header Files\Manager</Filter>
    </QtMoc>
    <QtMoc Include="AxisMgr.h">
      <Filter>Header Files\Manager</Filter>
    </QtMoc>
    <QtMoc Include="MotionMgr.h">
      <Filter>Header Files\Manager</Filter>
    </QtMoc>
    <QtMoc Include="InterpolationMgr.h">
      <Filter>Header Files\Manager</Filter>
    </QtMoc>
  </ItemGroup>
  <ItemGroup>
    <ClInclude Include="GtsHal.h">
      <Filter>Header Files\GTS</Filter>
    </ClInclude>
    <ClInclude Include="ConfigMgr.h">
      <Filter>Header Files\Manager</Filter>
    </ClInclude>
    <ClInclude Include="FeedbackMgr.h">
      <Filter>Header Files\Manager</Filter>
    </ClInclude>
    <ClInclude Include="IOMgr.h">
      <Filter>Header Files\Manager</Filter>
    </ClInclude>
    <ClInclude Include="..\GTSLib\config.h">
      <Filter>Header Files\GTS</Filter>
    </ClInclude>
    <ClInclude Include="..\GTSLib\gts.h">
      <Filter>Header Files\GTS</Filter>
    </ClInclude>
    <ClInclude Include="..\GTSLib\LookAheadEx.h">
      <Filter>Header Files\GTS</Filter>
    </ClInclude>
  </ItemGroup>
</Project>