<?xml version="1.0" encoding="utf-8"?>
<Project ToolsVersion="4.0" xmlns="http://schemas.microsoft.com/developer/msbuild/2003">
  <ItemGroup>
    <ClCompile Include="AxisMgr.cpp">
      <Filter>Source Files</Filter>
    </ClCompile>
    <ClCompile Include="AxisWidget.cpp">
      <Filter>Source Files</Filter>
    </ClCompile>
    <ClCompile Include="BoardMgr.cpp">
      <Filter>Source Files</Filter>
    </ClCompile>
    <ClCompile Include="BoardWidget.cpp">
      <Filter>Source Files</Filter>
    </ClCompile>
    <ClCompile Include="ConfigMgr.cpp">
      <Filter>Source Files</Filter>
    </ClCompile>
    <ClCompile Include="ConfigWidget.cpp">
      <Filter>Source Files</Filter>
    </ClCompile>
    <ClCompile Include="FeedbackMgr.cpp">
      <Filter>Source Files</Filter>
    </ClCompile>
    <ClCompile Include="FeedbackWidget.cpp">
      <Filter>Source Files</Filter>
    </ClCompile>
    <ClCompile Include="GTSControllerWidget.cpp">
      <Filter>Source Files</Filter>
    </ClCompile>
    <ClCompile Include="InterpolationMgr.cpp">
      <Filter>Source Files</Filter>
    </ClCompile>
    <ClCompile Include="InterpWidget.cpp">
      <Filter>Source Files</Filter>
    </ClCompile>
    <ClCompile Include="IOMgr.cpp">
      <Filter>Source Files</Filter>
    </ClCompile>
    <ClCompile Include="IOWidget.cpp">
      <Filter>Source Files</Filter>
    </ClCompile>
    <ClCompile Include="main.cpp">
      <Filter>Source Files</Filter>
    </ClCompile>
    <ClCompile Include="MotionMgr.cpp">
      <Filter>Source Files</Filter>
    </ClCompile>
    <ClCompile Include="OthersWidget.cpp">
      <Filter>Source Files</Filter>
    </ClCompile>
    <ClCompile Include="TotalMgr.cpp">
      <Filter>Source Files</Filter>
    </ClCompile>
  </ItemGroup>
  <ItemGroup>
    <ClInclude Include="..\GTSLib\config.h">
      <Filter>Header Files</Filter>
    </ClInclude>
    <ClInclude Include="ControllerData.h">
      <Filter>Header Files</Filter>
    </ClInclude>
    <ClInclude Include="..\GTSLib\gts.h">
      <Filter>Header Files</Filter>
    </ClInclude>
    <ClInclude Include="GtsHal.h">
      <Filter>Header Files</Filter>
    </ClInclude>
    <ClInclude Include="..\GTSLib\LookAheadEx.h">
      <Filter>Header Files</Filter>
    </ClInclude>
  </ItemGroup>
  <ItemGroup>
    <QtMoc Include="AxisMgr.h">
      <Filter>Header Files</Filter>
    </QtMoc>
    <QtMoc Include="BoardMgr.h">
      <Filter>Header Files</Filter>
    </QtMoc>
    <QtMoc Include="AxisWidget.h">
      <Filter>Header Files</Filter>
    </QtMoc>
    <QtMoc Include="BoardWidget.h">
      <Filter>Header Files</Filter>
    </QtMoc>
    <QtMoc Include="ConfigMgr.h">
      <Filter>Header Files</Filter>
    </QtMoc>
    <QtMoc Include="ConfigWidget.h">
      <Filter>Header Files</Filter>
    </QtMoc>
    <QtMoc Include="FeedbackMgr.h">
      <Filter>Header Files</Filter>
    </QtMoc>
    <QtMoc Include="FeedbackWidget.h">
      <Filter>Header Files</Filter>
    </QtMoc>
    <QtMoc Include="GTSControllerWidget.h">
      <Filter>Header Files</Filter>
    </QtMoc>
    <QtMoc Include="InterpolationMgr.h">
      <Filter>Header Files</Filter>
    </QtMoc>
    <QtMoc Include="InterpWidget.h">
      <Filter>Header Files</Filter>
    </QtMoc>
    <QtMoc Include="IOMgr.h">
      <Filter>Header Files</Filter>
    </QtMoc>
    <QtMoc Include="IOWidget.h">
      <Filter>Header Files</Filter>
    </QtMoc>
    <QtMoc Include="MotionMgr.h">
      <Filter>Header Files</Filter>
    </QtMoc>
    <QtMoc Include="OthersWidget.h">
      <Filter>Header Files</Filter>
    </QtMoc>
    <QtMoc Include="TotalMgr.h">
      <Filter>Header Files</Filter>
    </QtMoc>
  </ItemGroup>
  <ItemGroup>
    <QtUic Include="AxisWidget.ui">
      <Filter>Form Files</Filter>
    </QtUic>
    <QtUic Include="BoradWidget.ui">
      <Filter>Form Files</Filter>
    </QtUic>
    <QtUic Include="ConfigWidget.ui">
      <Filter>Form Files</Filter>
    </QtUic>
    <QtUic Include="FeedbackWidget.ui">
      <Filter>Form Files</Filter>
    </QtUic>
    <QtUic Include="GTSControllerWidget.ui">
      <Filter>Form Files</Filter>
    </QtUic>
    <QtUic Include="InterpWidget.ui">
      <Filter>Form Files</Filter>
    </QtUic>
    <QtUic Include="IOWidget.ui">
      <Filter>Form Files</Filter>
    </QtUic>
    <QtUic Include="OthersWidget.ui">
      <Filter>Form Files</Filter>
    </QtUic>
  </ItemGroup>
  <ItemGroup>
    <Filter Include="Form Files">
      <UniqueIdentifier>{54b352dd-7c87-415e-a2e7-9461cf64225c}</UniqueIdentifier>
    </Filter>
    <Filter Include="Resource Files">
      <UniqueIdentifier>{491019b0-99fd-4e30-94ec-a3025ce75db8}</UniqueIdentifier>
    </Filter>
    <Filter Include="Header Files">
      <UniqueIdentifier>{29642f27-dc4e-417c-a000-ae3050f5f6f0}</UniqueIdentifier>
    </Filter>
    <Filter Include="Source Files">
      <UniqueIdentifier>{c87b4d69-6654-4d27-bf27-a6f7dad8de6f}</UniqueIdentifier>
    </Filter>
  </ItemGroup>
  <ItemGroup>
    <QtRcc Include="GTSControllerWidget.qrc">
      <Filter>Resource Files</Filter>
    </QtRcc>
  </ItemGroup>
</Project>