<?xml version="1.0" encoding="utf-8"?>
<Project ToolsVersion="4.0" xmlns="http://schemas.microsoft.com/developer/msbuild/2003">
  <ItemGroup>
    <Filter Include="Form Files">
      <UniqueIdentifier>{54b352dd-7c87-415e-a2e7-9461cf64225c}</UniqueIdentifier>
    </Filter>
    <Filter Include="Resource Files">
      <UniqueIdentifier>{491019b0-99fd-4e30-94ec-a3025ce75db8}</UniqueIdentifier>
    </Filter>
    <Filter Include="Header Files">
      <UniqueIdentifier>{29642f27-dc4e-417c-a000-ae3050f5f6f0}</UniqueIdentifier>
    </Filter>
    <Filter Include="Source Files">
      <UniqueIdentifier>{c87b4d69-6654-4d27-bf27-a6f7dad8de6f}</UniqueIdentifier>
    </Filter>
    <Filter Include="Header Files\Mgr">
      <UniqueIdentifier>{289b5efd-9171-4c74-873a-836d50ecded7}</UniqueIdentifier>
    </Filter>
    <Filter Include="Header Files\Widget">
      <UniqueIdentifier>{2a48e910-6f5e-44c6-acc4-ed9669b61215}</UniqueIdentifier>
    </Filter>
    <Filter Include="Source Files\Widget">
      <UniqueIdentifier>{9c7789e8-77ed-441d-8663-aa64a93795bf}</UniqueIdentifier>
    </Filter>
    <Filter Include="Source Files\Mgr">
      <UniqueIdentifier>{b8017401-395c-4b5e-830c-a7833a03b8c9}</UniqueIdentifier>
    </Filter>
  </ItemGroup>
  <ItemGroup>
    <QtRcc Include="GTSControllerWidget.qrc">
      <Filter>Resource Files</Filter>
    </QtRcc>
  </ItemGroup>
  <ItemGroup>
    <QtUic Include="Widget\AdvAxisWidget.ui">
      <Filter>Form Files</Filter>
    </QtUic>
    <QtUic Include="Widget\AdvBoradWidget.ui">
      <Filter>Form Files</Filter>
    </QtUic>
    <QtUic Include="Widget\AdvConfigWidget.ui">
      <Filter>Form Files</Filter>
    </QtUic>
    <QtUic Include="Widget\AdvFeedbackWidget.ui">
      <Filter>Form Files</Filter>
    </QtUic>
    <QtUic Include="Widget\AdvGTSControllerWidget.ui">
      <Filter>Form Files</Filter>
    </QtUic>
    <QtUic Include="Widget\AdvInterpWidget.ui">
      <Filter>Form Files</Filter>
    </QtUic>
    <QtUic Include="Widget\AdvIOWidget.ui">
      <Filter>Form Files</Filter>
    </QtUic>
    <QtUic Include="Widget\AdvOthersWidget.ui">
      <Filter>Form Files</Filter>
    </QtUic>
  </ItemGroup>
  <ItemGroup>
    <ClInclude Include="Mgr\AdvControllerData.h">
      <Filter>Header Files\Mgr</Filter>
    </ClInclude>
  </ItemGroup>
  <ItemGroup>
    <ClCompile Include="Widget\AdvAxisWidget.cpp">
      <Filter>Source Files\Widget</Filter>
    </ClCompile>
    <ClCompile Include="Widget\AdvBoardWidget.cpp">
      <Filter>Source Files\Widget</Filter>
    </ClCompile>
    <ClCompile Include="Widget\AdvConfigWidget.cpp">
      <Filter>Source Files\Widget</Filter>
    </ClCompile>
    <ClCompile Include="Widget\AdvFeedbackWidget.cpp">
      <Filter>Source Files\Widget</Filter>
    </ClCompile>
    <ClCompile Include="Widget\AdvGTSControllerWidget.cpp">
      <Filter>Source Files\Widget</Filter>
    </ClCompile>
    <ClCompile Include="Widget\AdvInterpWidget.cpp">
      <Filter>Source Files\Widget</Filter>
    </ClCompile>
    <ClCompile Include="Widget\AdvIOWidget.cpp">
      <Filter>Source Files\Widget</Filter>
    </ClCompile>
    <ClCompile Include="Widget\AdvOthersWidget.cpp">
      <Filter>Source Files\Widget</Filter>
    </ClCompile>
    <ClCompile Include="Mgr\AdvAxisMgr.cpp">
      <Filter>Source Files\Mgr</Filter>
    </ClCompile>
    <ClCompile Include="Mgr\AdvBoardMgr.cpp">
      <Filter>Source Files\Mgr</Filter>
    </ClCompile>
    <ClCompile Include="Mgr\AdvConfigMgr.cpp">
      <Filter>Source Files\Mgr</Filter>
    </ClCompile>
    <ClCompile Include="Mgr\AdvFeedbackMgr.cpp">
      <Filter>Source Files\Mgr</Filter>
    </ClCompile>
    <ClCompile Include="Mgr\AdvInterpolationMgr.cpp">
      <Filter>Source Files\Mgr</Filter>
    </ClCompile>
    <ClCompile Include="Mgr\AdvIOMgr.cpp">
      <Filter>Source Files\Mgr</Filter>
    </ClCompile>
    <ClCompile Include="Mgr\AdvMotionMgr.cpp">
      <Filter>Source Files\Mgr</Filter>
    </ClCompile>
    <ClCompile Include="Mgr\AdvTotalMgr.cpp">
      <Filter>Source Files\Mgr</Filter>
    </ClCompile>
    <ClCompile Include="main.cpp">
      <Filter>Source Files</Filter>
    </ClCompile>
  </ItemGroup>
  <ItemGroup>
    <QtMoc Include="Widget\AdvAxisWidget.h">
      <Filter>Header Files\Widget</Filter>
    </QtMoc>
    <QtMoc Include="Widget\AdvBoardWidget.h">
      <Filter>Header Files\Widget</Filter>
    </QtMoc>
    <QtMoc Include="Widget\AdvConfigWidget.h">
      <Filter>Header Files\Widget</Filter>
    </QtMoc>
    <QtMoc Include="Widget\AdvFeedbackWidget.h">
      <Filter>Header Files\Widget</Filter>
    </QtMoc>
    <QtMoc Include="Widget\AdvGTSControllerWidget.h">
      <Filter>Header Files\Widget</Filter>
    </QtMoc>
    <QtMoc Include="Widget\AdvInterpWidget.h">
      <Filter>Header Files\Widget</Filter>
    </QtMoc>
    <QtMoc Include="Widget\AdvIOWidget.h">
      <Filter>Header Files\Widget</Filter>
    </QtMoc>
    <QtMoc Include="Widget\AdvOthersWidget.h">
      <Filter>Header Files\Widget</Filter>
    </QtMoc>
    <QtMoc Include="Mgr\AdvAxisMgr.h">
      <Filter>Header Files\Mgr</Filter>
    </QtMoc>
    <QtMoc Include="Mgr\AdvBoardMgr.h">
      <Filter>Header Files\Mgr</Filter>
    </QtMoc>
    <QtMoc Include="Mgr\AdvConfigMgr.h">
      <Filter>Header Files\Mgr</Filter>
    </QtMoc>
    <QtMoc Include="Mgr\AdvFeedbackMgr.h">
      <Filter>Header Files\Mgr</Filter>
    </QtMoc>
    <QtMoc Include="Mgr\AdvInterpolationMgr.h">
      <Filter>Header Files\Mgr</Filter>
    </QtMoc>
    <QtMoc Include="Mgr\AdvIOMgr.h">
      <Filter>Header Files\Mgr</Filter>
    </QtMoc>
    <QtMoc Include="Mgr\AdvTotalMgr.h">
      <Filter>Header Files\Mgr</Filter>
    </QtMoc>
    <QtMoc Include="Mgr\AdvMotionMgr.h">
      <Filter>Header Files\Mgr</Filter>
    </QtMoc>
  </ItemGroup>
</Project>