<?xml version="1.0" encoding="utf-8"?>
<Project ToolsVersion="4.0" xmlns="http://schemas.microsoft.com/developer/msbuild/2003">
  <ItemGroup>
    <ClInclude Include="..\GtsCore\ControllerData.h">
      <Filter>Header Files\Core</Filter>
    </ClInclude>
    <ClInclude Include="..\GtsCore\CoordData.h">
      <Filter>Header Files\Core</Filter>
    </ClInclude>
  </ItemGroup>
  <ItemGroup>
    <Filter Include="Resource Files">
      <UniqueIdentifier>{c3937d41-1b43-4f48-9c74-85ec2c34920c}</UniqueIdentifier>
    </Filter>
    <Filter Include="Header Files">
      <UniqueIdentifier>{2fbf89e4-0c39-467f-96ea-d0b4f62548ce}</UniqueIdentifier>
    </Filter>
    <Filter Include="Source Files">
      <UniqueIdentifier>{0d4f3df2-77bb-4c1e-bc44-cd8a4f9a2c50}</UniqueIdentifier>
    </Filter>
    <Filter Include="Header Files\Widget">
      <UniqueIdentifier>{73826b2b-1386-43f3-90b0-fab942fec50b}</UniqueIdentifier>
    </Filter>
    <Filter Include="Source Files\Widget">
      <UniqueIdentifier>{7a2fa686-e6fd-40b4-80d2-20edfc3b1b6f}</UniqueIdentifier>
    </Filter>
    <Filter Include="Form Files">
      <UniqueIdentifier>{12b8d902-66ab-41b3-aaba-151badc996a7}</UniqueIdentifier>
    </Filter>
    <Filter Include="Header Files\Core">
      <UniqueIdentifier>{076d3266-08f5-4597-815b-709adc56f6b4}</UniqueIdentifier>
    </Filter>
    <Filter Include="Source Files\Core">
      <UniqueIdentifier>{1f320de7-7d71-490b-84c3-36dc0bc47e65}</UniqueIdentifier>
    </Filter>
  </ItemGroup>
  <ItemGroup>
    <QtRcc Include="GTSControllerWidget.qrc">
      <Filter>Resource Files</Filter>
    </QtRcc>
  </ItemGroup>
  <ItemGroup>
    <QtMoc Include="Widget\AxisWidget.h">
      <Filter>Header Files\Widget</Filter>
    </QtMoc>
    <QtMoc Include="Widget\BoardWidget.h">
      <Filter>Header Files\Widget</Filter>
    </QtMoc>
    <QtMoc Include="Widget\ConfigWidget.h">
      <Filter>Header Files\Widget</Filter>
    </QtMoc>
    <QtMoc Include="Widget\GTSControllerWidget.h">
      <Filter>Header Files\Widget</Filter>
    </QtMoc>
    <QtMoc Include="Widget\IOWidget.h">
      <Filter>Header Files\Widget</Filter>
    </QtMoc>
    <QtMoc Include="Widget\OthersWidget.h">
      <Filter>Header Files\Widget</Filter>
    </QtMoc>
    <QtMoc Include="Widget\MasterControlWidget.h">
      <Filter>Header Files\Widget</Filter>
    </QtMoc>
    <QtMoc Include="..\GtsCore\GtsAxisMgr.h">
      <Filter>Header Files\Core</Filter>
    </QtMoc>
    <QtMoc Include="..\GtsCore\GtsBoardMgr.h">
      <Filter>Header Files\Core</Filter>
    </QtMoc>
    <QtMoc Include="..\GtsCore\GtsConfigMgr.h">
      <Filter>Header Files\Core</Filter>
    </QtMoc>
    <QtMoc Include="..\GtsCore\GtsFeedbackMgr.h">
      <Filter>Header Files\Core</Filter>
    </QtMoc>
    <QtMoc Include="..\GtsCore\GtsIOMgr.h">
      <Filter>Header Files\Core</Filter>
    </QtMoc>
    <QtMoc Include="..\GtsCore\GtsMgr.h">
      <Filter>Header Files\Core</Filter>
    </QtMoc>
    <QtMoc Include="..\GtsCore\GtsMotionMgr.h">
      <Filter>Header Files\Core</Filter>
    </QtMoc>
    <QtMoc Include="..\GtsCore\GtsCoordMgr.h" />
    <QtMoc Include="Widget\CoordWidget.h">
      <Filter>Header Files\Widget</Filter>
    </QtMoc>
  </ItemGroup>
  <ItemGroup>
    <ClCompile Include="Widget\AxisWidget.cpp">
      <Filter>Source Files\Widget</Filter>
    </ClCompile>
    <ClCompile Include="Widget\BoardWidget.cpp">
      <Filter>Source Files\Widget</Filter>
    </ClCompile>
    <ClCompile Include="Widget\ConfigWidget.cpp">
      <Filter>Source Files\Widget</Filter>
    </ClCompile>
    <ClCompile Include="Widget\GTSControllerWidget.cpp">
      <Filter>Source Files\Widget</Filter>
    </ClCompile>
    <ClCompile Include="Widget\IOWidget.cpp">
      <Filter>Source Files\Widget</Filter>
    </ClCompile>
    <ClCompile Include="Widget\OthersWidget.cpp">
      <Filter>Source Files\Widget</Filter>
    </ClCompile>
    <ClCompile Include="main.cpp">
      <Filter>Source Files</Filter>
    </ClCompile>
    <ClCompile Include="Widget\MasterControlWidget.cpp">
      <Filter>Source Files\Widget</Filter>
    </ClCompile>
    <ClCompile Include="..\GtsCore\GtsAxisMgr.cpp">
      <Filter>Source Files\Core</Filter>
    </ClCompile>
    <ClCompile Include="..\GtsCore\GtsBoardMgr.cpp">
      <Filter>Source Files\Core</Filter>
    </ClCompile>
    <ClCompile Include="..\GtsCore\GtsConfigMgr.cpp">
      <Filter>Source Files\Core</Filter>
    </ClCompile>
    <ClCompile Include="..\GtsCore\GtsFeedbackMgr.cpp">
      <Filter>Source Files\Core</Filter>
    </ClCompile>
    <ClCompile Include="..\GtsCore\GtsIOMgr.cpp">
      <Filter>Source Files\Core</Filter>
    </ClCompile>
    <ClCompile Include="..\GtsCore\GtsMgr.cpp">
      <Filter>Source Files\Core</Filter>
    </ClCompile>
    <ClCompile Include="..\GtsCore\GtsMotionMgr.cpp">
      <Filter>Source Files\Core</Filter>
    </ClCompile>
    <ClCompile Include="..\GtsCore\GtsCoordMgr.cpp" />
    <ClCompile Include="Widget\CoordWidget.cpp">
      <Filter>Source Files\Widget</Filter>
    </ClCompile>
  </ItemGroup>
  <ItemGroup>
    <QtUic Include="Widget\AxisWidget.ui">
      <Filter>Form Files</Filter>
    </QtUic>
    <QtUic Include="Widget\BoradWidget.ui">
      <Filter>Form Files</Filter>
    </QtUic>
    <QtUic Include="Widget\ConfigWidget.ui">
      <Filter>Form Files</Filter>
    </QtUic>
    <QtUic Include="Widget\GTSControllerWidget.ui">
      <Filter>Form Files</Filter>
    </QtUic>
    <QtUic Include="Widget\IOWidget.ui">
      <Filter>Form Files</Filter>
    </QtUic>
    <QtUic Include="Widget\OthersWidget.ui">
      <Filter>Form Files</Filter>
    </QtUic>
    <QtUic Include="Widget\MasterControlWidget.ui">
      <Filter>Form Files</Filter>
    </QtUic>
    <QtUic Include="Widget\CoordWidget.ui">
      <Filter>Form Files</Filter>
    </QtUic>
  </ItemGroup>
</Project>